PackratFormat: 1.4
PackratVersion: 0.4.9.3
RVersion: 3.5.1
Repos: CRAN=https://cran.rstudio.com/,
    int=file:///Users/devinp/go/src/github.com/dpastoor/rpackagemanager/integration_tests/cranlocal

Package: packrat
Source: CRAN
Version: 0.4.9-3
Hash: 03fb817297975f1da0d1b774b47620b3

Package: test1
Source: cranlocal
Version: 0.0.1
Hash: c9e3d8d953c114448e404c4e5f11cd24

Package: test11
Source: cranlocal
Version: 0.0.1
Hash: 46a6551f80a1d1d6c5b8e816273ad130
Requires: test1

Package: test2
Source: cranlocal
Version: 0.0.1
Hash: ffdab5a723a2d14312f59e8384a2d156
